
Microsoft Visual Studio Solution File, Format Version 12.00
# Visual Studio Version 17
VisualStudioVersion = 17.6.33829.357
MinimumVisualStudioVersion = 10.0.40219.1
Project("{FAE04EC0-301F-11D3-BF4B-00C04F79EFBC}") = "ManagerProject", "ManagerProject\ManagerProject.csproj", "{C5677E34-9B70-4B06-AAC7-C44C3DDAFAE4}"
EndProject
Global
	GlobalSection(SolutionConfigurationPlatforms) = preSolution
		Debug|Any CPU = Debug|Any CPU
		Release|Any CPU = Release|Any CPU
	EndGlobalSection
	GlobalSection(ProjectConfigurationPlatforms) = postSolution
		{C5677E34-9B70-4B06-AAC7-C44C3DDAFAE4}.Debug|Any CPU.ActiveCfg = Debug|Any CPU
		{C5677E34-9B70-4B06-AAC7-C44C3DDAFAE4}.Debug|Any CPU.Build.0 = Debug|Any CPU
		{C5677E34-9B70-4B06-AAC7-C44C3DDAFAE4}.Release|Any CPU.ActiveCfg = Release|Any CPU
		{C5677E34-9B70-4B06-AAC7-C44C3DDAFAE4}.Release|Any CPU.Build.0 = Release|Any CPU
	EndGlobalSection
	GlobalSection(SolutionProperties) = preSolution
		HideSolutionNode = FALSE
	EndGlobalSection
	GlobalSection(ExtensibilityGlobals) = postSolution
		SolutionGuid = {C8BF46E8-3E21-41BE-BA59-940399AB54E3}
	EndGlobalSection
EndGlobal
